Microsoft Visual Studio Solution File, Format Version 12.00
# Visual Studio Version 17
VisualStudioVersion = 17.5.2.0
MinimumVisualStudioVersion = 10.0.40219.1
Project("{FAE04EC0-301F-11D3-BF4B-00C04F79EFBC}") = "EmployeeManagementSystem", "EmployeeManagementSystem.csproj", "{6B98C3EF-2A89-1B7E-0009-599A29B964A5}"
EndProject
Global
	GlobalSection(SolutionConfigurationPlatforms) = preSolution
		Debug|Any CPU = Debug|Any CPU
		Release|Any CPU = Release|Any CPU
	EndGlobalSection
	GlobalSection(ProjectConfigurationPlatforms) = postSolution
		{6B98C3EF-2A89-1B7E-0009-599A29B964A5}.Debug|Any CPU.ActiveCfg = Debug|Any CPU
		{6B98C3EF-2A89-1B7E-0009-599A29B964A5}.Debug|Any CPU.Build.0 = Debug|Any CPU
		{6B98C3EF-2A89-1B7E-0009-599A29B964A5}.Release|Any CPU.ActiveCfg = Release|Any CPU
		{6B98C3EF-2A89-1B7E-0009-599A29B964A5}.Release|Any CPU.Build.0 = Release|Any CPU
	EndGlobalSection
	GlobalSection(SolutionProperties) = preSolution
		HideSolutionNode = FALSE
	EndGlobalSection
	GlobalSection(ExtensibilityGlobals) = postSolution
		SolutionGuid = {1CF09AA9-B1F6-465B-AB81-9A168661A0D2}
	EndGlobalSection
EndGlobal
